
Microsoft Visual Studio Solution File, Format Version 12.00
# Visual Studio 15
VisualStudioVersion = 15.0.27130.2026
MinimumVisualStudioVersion = 10.0.40219.1
Project("{2150E333-8FDC-42A3-9474-1A3956D46DE8}") = "Application", "Application", "{A6BA44AF-124E-43F2-8836-D8BAEB615242}"
EndProject
Project("{2150E333-8FDC-42A3-9474-1A3956D46DE8}") = "Domain", "Domain", "{F96184F9-6099-443E-8B70-A3BB15A2F3B7}"
EndProject
Project("{2150E333-8FDC-42A3-9474-1A3956D46DE8}") = "Infrastructure", "Infrastructure", "{6B3E0766-7A96-4776-89EB-3B36C5024261}"
EndProject
Project("{2150E333-8FDC-42A3-9474-1A3956D46DE8}") = "Middleware", "Middleware", "{EA44BB0B-6242-45BA-A805-2388E777E236}"
EndProject
Project("{2150E333-8FDC-42A3-9474-1A3956D46DE8}") = "Tests", "Tests", "{655BCEA4-EE32-4E6A-A3B4-813722DA6D09}"
EndProject
Project("{9A19103F-16F7-4668-BE54-9A1E7A4F7556}") = "Application", "Application\Application.csproj", "{9939A954-63B9-4AAF-B695-FA0C5A8DE484}"
EndProject
Project("{9A19103F-16F7-4668-BE54-9A1E7A4F7556}") = "Domain", "Domain\Domain\Domain.csproj", "{4E7468F4-7382-4D3B-803B-8AF7FCBD43E6}"
EndProject
Project("{9A19103F-16F7-4668-BE54-9A1E7A4F7556}") = "Interfaces", "Domain\Interfaces\Interfaces.csproj", "{2FE61976-6659-4A55-B0CA-6B9C24F6D2E9}"
EndProject
Project("{9A19103F-16F7-4668-BE54-9A1E7A4F7556}") = "Service", "Domain\Service\Service.csproj", "{63173CFA-6593-414A-9ADB-1E2E7172A0BC}"
EndProject
Project("{9A19103F-16F7-4668-BE54-9A1E7A4F7556}") = "CrossCutting", "Infrastructure\CrossCutting\CrossCutting.csproj", "{88D8C2C2-82D9-4B69-A946-2541DF9C2A94}"
EndProject
Project("{9A19103F-16F7-4668-BE54-9A1E7A4F7556}") = "Data", "Infrastructure\Data\Data.csproj", "{1ECB9F2D-0515-42FA-BB5B-A8A0D99C01DE}"
EndProject
Project("{9A19103F-16F7-4668-BE54-9A1E7A4F7556}") = "IoC", "Infrastructure\IoC\IoC.csproj", "{EC1E23CB-8221-4DF2-8119-A746E1B763BD}"
EndProject
Project("{9A19103F-16F7-4668-BE54-9A1E7A4F7556}") = "Api", "Middleware\Api\Api.csproj", "{B5485A84-EBC2-4134-8ABA-CF4AAED81A43}"
EndProject
Project("{9A19103F-16F7-4668-BE54-9A1E7A4F7556}") = "Provider", "Middleware\Provider\Provider.csproj", "{FBB93D89-23DF-45F3-8AB1-E4FB1D3AF47F}"
EndProject
Project("{9A19103F-16F7-4668-BE54-9A1E7A4F7556}") = "Tests", "Tests\Tests.csproj", "{8E4D4AB1-DD5C-4E86-B2D5-085DC75F6776}"
	ProjectSection(ProjectDependencies) = postProject
		{88D8C2C2-82D9-4B69-A946-2541DF9C2A94} = {88D8C2C2-82D9-4B69-A946-2541DF9C2A94}
	EndProjectSection
EndProject
Global
	GlobalSection(SolutionConfigurationPlatforms) = preSolution
		Debug|Any CPU = Debug|Any CPU
		Release|Any CPU = Release|Any CPU
	EndGlobalSection
	GlobalSection(ProjectConfigurationPlatforms) = postSolution
		{9939A954-63B9-4AAF-B695-FA0C5A8DE484}.Debug|Any CPU.ActiveCfg = Debug|Any CPU
		{9939A954-63B9-4AAF-B695-FA0C5A8DE484}.Debug|Any CPU.Build.0 = Debug|Any CPU
		{9939A954-63B9-4AAF-B695-FA0C5A8DE484}.Release|Any CPU.ActiveCfg = Release|Any CPU
		{9939A954-63B9-4AAF-B695-FA0C5A8DE484}.Release|Any CPU.Build.0 = Release|Any CPU
		{4E7468F4-7382-4D3B-803B-8AF7FCBD43E6}.Debug|Any CPU.ActiveCfg = Debug|Any CPU
		{4E7468F4-7382-4D3B-803B-8AF7FCBD43E6}.Debug|Any CPU.Build.0 = Debug|Any CPU
		{4E7468F4-7382-4D3B-803B-8AF7FCBD43E6}.Release|Any CPU.ActiveCfg = Release|Any CPU
		{4E7468F4-7382-4D3B-803B-8AF7FCBD43E6}.Release|Any CPU.Build.0 = Release|Any CPU
		{2FE61976-6659-4A55-B0CA-6B9C24F6D2E9}.Debug|Any CPU.ActiveCfg = Debug|Any CPU
		{2FE61976-6659-4A55-B0CA-6B9C24F6D2E9}.Debug|Any CPU.Build.0 = Debug|Any CPU
		{2FE61976-6659-4A55-B0CA-6B9C24F6D2E9}.Release|Any CPU.ActiveCfg = Release|Any CPU
		{2FE61976-6659-4A55-B0CA-6B9C24F6D2E9}.Release|Any CPU.Build.0 = Release|Any CPU
		{63173CFA-6593-414A-9ADB-1E2E7172A0BC}.Debug|Any CPU.ActiveCfg = Debug|Any CPU
		{63173CFA-6593-414A-9ADB-1E2E7172A0BC}.Debug|Any CPU.Build.0 = Debug|Any CPU
		{63173CFA-6593-414A-9ADB-1E2E7172A0BC}.Release|Any CPU.ActiveCfg = Release|Any CPU
		{63173CFA-6593-414A-9ADB-1E2E7172A0BC}.Release|Any CPU.Build.0 = Release|Any CPU
		{88D8C2C2-82D9-4B69-A946-2541DF9C2A94}.Debug|Any CPU.ActiveCfg = Debug|Any CPU
		{88D8C2C2-82D9-4B69-A946-2541DF9C2A94}.Debug|Any CPU.Build.0 = Debug|Any CPU
		{88D8C2C2-82D9-4B69-A946-2541DF9C2A94}.Release|Any CPU.ActiveCfg = Release|Any CPU
		{88D8C2C2-82D9-4B69-A946-2541DF9C2A94}.Release|Any CPU.Build.0 = Release|Any CPU
		{1ECB9F2D-0515-42FA-BB5B-A8A0D99C01DE}.Debug|Any CPU.ActiveCfg = Debug|Any CPU
		{1ECB9F2D-0515-42FA-BB5B-A8A0D99C01DE}.Debug|Any CPU.Build.0 = Debug|Any CPU
		{1ECB9F2D-0515-42FA-BB5B-A8A0D99C01DE}.Release|Any CPU.ActiveCfg = Release|Any CPU
		{1ECB9F2D-0515-42FA-BB5B-A8A0D99C01DE}.Release|Any CPU.Build.0 = Release|Any CPU
		{EC1E23CB-8221-4DF2-8119-A746E1B763BD}.Debug|Any CPU.ActiveCfg = Debug|Any CPU
		{EC1E23CB-8221-4DF2-8119-A746E1B763BD}.Debug|Any CPU.Build.0 = Debug|Any CPU
		{EC1E23CB-8221-4DF2-8119-A746E1B763BD}.Release|Any CPU.ActiveCfg = Release|Any CPU
		{EC1E23CB-8221-4DF2-8119-A746E1B763BD}.Release|Any CPU.Build.0 = Release|Any CPU
		{B5485A84-EBC2-4134-8ABA-CF4AAED81A43}.Debug|Any CPU.ActiveCfg = Debug|Any CPU
		{B5485A84-EBC2-4134-8ABA-CF4AAED81A43}.Debug|Any CPU.Build.0 = Debug|Any CPU
		{B5485A84-EBC2-4134-8ABA-CF4AAED81A43}.Release|Any CPU.ActiveCfg = Release|Any CPU
		{B5485A84-EBC2-4134-8ABA-CF4AAED81A43}.Release|Any CPU.Build.0 = Release|Any CPU
		{FBB93D89-23DF-45F3-8AB1-E4FB1D3AF47F}.Debug|Any CPU.ActiveCfg = Debug|Any CPU
		{FBB93D89-23DF-45F3-8AB1-E4FB1D3AF47F}.Debug|Any CPU.Build.0 = Debug|Any CPU
		{FBB93D89-23DF-45F3-8AB1-E4FB1D3AF47F}.Release|Any CPU.ActiveCfg = Release|Any CPU
		{FBB93D89-23DF-45F3-8AB1-E4FB1D3AF47F}.Release|Any CPU.Build.0 = Release|Any CPU
		{8E4D4AB1-DD5C-4E86-B2D5-085DC75F6776}.Debug|Any CPU.ActiveCfg = Debug|Any CPU
		{8E4D4AB1-DD5C-4E86-B2D5-085DC75F6776}.Debug|Any CPU.Build.0 = Debug|Any CPU
		{8E4D4AB1-DD5C-4E86-B2D5-085DC75F6776}.Release|Any CPU.ActiveCfg = Release|Any CPU
		{8E4D4AB1-DD5C-4E86-B2D5-085DC75F6776}.Release|Any CPU.Build.0 = Release|Any CPU
	EndGlobalSection
	GlobalSection(SolutionProperties) = preSolution
		HideSolutionNode = FALSE
	EndGlobalSection
	GlobalSection(NestedProjects) = preSolution
		{9939A954-63B9-4AAF-B695-FA0C5A8DE484} = {A6BA44AF-124E-43F2-8836-D8BAEB615242}
		{4E7468F4-7382-4D3B-803B-8AF7FCBD43E6} = {F96184F9-6099-443E-8B70-A3BB15A2F3B7}
		{2FE61976-6659-4A55-B0CA-6B9C24F6D2E9} = {F96184F9-6099-443E-8B70-A3BB15A2F3B7}
		{63173CFA-6593-414A-9ADB-1E2E7172A0BC} = {F96184F9-6099-443E-8B70-A3BB15A2F3B7}
		{88D8C2C2-82D9-4B69-A946-2541DF9C2A94} = {6B3E0766-7A96-4776-89EB-3B36C5024261}
		{1ECB9F2D-0515-42FA-BB5B-A8A0D99C01DE} = {6B3E0766-7A96-4776-89EB-3B36C5024261}
		{EC1E23CB-8221-4DF2-8119-A746E1B763BD} = {6B3E0766-7A96-4776-89EB-3B36C5024261}
		{B5485A84-EBC2-4134-8ABA-CF4AAED81A43} = {EA44BB0B-6242-45BA-A805-2388E777E236}
		{FBB93D89-23DF-45F3-8AB1-E4FB1D3AF47F} = {EA44BB0B-6242-45BA-A805-2388E777E236}
		{8E4D4AB1-DD5C-4E86-B2D5-085DC75F6776} = {655BCEA4-EE32-4E6A-A3B4-813722DA6D09}
	EndGlobalSection
	GlobalSection(ExtensibilityGlobals) = postSolution
		SolutionGuid = {17B95B4E-9CE6-4ACD-AB2D-8A68742E3086}
	EndGlobalSection
EndGlobal
